
Microsoft Visual Studio Solution File, Format Version 12.00
# Visual Studio Version 17
VisualStudioVersion = 17.4.33205.214
MinimumVisualStudioVersion = 10.0.40219.1
Project("{9A19103F-16F7-4668-BE54-9A1E7A4F7556}") = "ContainerApp", "ContainerApp\ContainerApp.csproj", "{AEEEDB92-FDA7-4A3C-B058-A525A6FC892A}"
EndProject
Project("{E53339B2-1760-4266-BCC7-CA923CBCF16C}") = "docker-compose", "docker-compose.dcproj", "{2D33B014-BF8F-40C3-A6EF-0770D3C9D2B3}"
EndProject
Global
	GlobalSection(SolutionConfigurationPlatforms) = preSolution
		Debug|Any CPU = Debug|Any CPU
		Release|Any CPU = Release|Any CPU
	EndGlobalSection
	GlobalSection(ProjectConfigurationPlatforms) = postSolution
		{AEEEDB92-FDA7-4A3C-B058-A525A6FC892A}.Debug|Any CPU.ActiveCfg = Debug|Any CPU
		{AEEEDB92-FDA7-4A3C-B058-A525A6FC892A}.Debug|Any CPU.Build.0 = Debug|Any CPU
		{AEEEDB92-FDA7-4A3C-B058-A525A6FC892A}.Release|Any CPU.ActiveCfg = Release|Any CPU
		{AEEEDB92-FDA7-4A3C-B058-A525A6FC892A}.Release|Any CPU.Build.0 = Release|Any CPU
		{2D33B014-BF8F-40C3-A6EF-0770D3C9D2B3}.Debug|Any CPU.ActiveCfg = Debug|Any CPU
		{2D33B014-BF8F-40C3-A6EF-0770D3C9D2B3}.Debug|Any CPU.Build.0 = Debug|Any CPU
		{2D33B014-BF8F-40C3-A6EF-0770D3C9D2B3}.Release|Any CPU.ActiveCfg = Release|Any CPU
		{2D33B014-BF8F-40C3-A6EF-0770D3C9D2B3}.Release|Any CPU.Build.0 = Release|Any CPU
	EndGlobalSection
	GlobalSection(SolutionProperties) = preSolution
		HideSolutionNode = FALSE
	EndGlobalSection
	GlobalSection(ExtensibilityGlobals) = postSolution
		SolutionGuid = {1441ED03-2799-4F8A-BFFD-172033E0CED0}
	EndGlobalSection
EndGlobal
